
Microsoft Visual Studio Solution File, Format Version 12.00
# Visual Studio Version 17
VisualStudioVersion = 17.9.34616.47
MinimumVisualStudioVersion = 10.0.40219.1
Project("{8BC9CEB8-8B4A-11D0-8D11-00A0C91BC942}") = "Inisialisasi", "Inisialisasi\Inisialisasi.vcxproj", "{025F9142-451D-43B8-B232-6107A32B21B9}"
EndProject
Global
	GlobalSection(SolutionConfigurationPlatforms) = preSolution
		Debug|x64 = Debug|x64
		Debug|x86 = Debug|x86
		Release|x64 = Release|x64
		Release|x86 = Release|x86
	EndGlobalSection
	GlobalSection(ProjectConfigurationPlatforms) = postSolution
		{025F9142-451D-43B8-B232-6107A32B21B9}.Debug|x64.ActiveCfg = Debug|x64
		{025F9142-451D-43B8-B232-6107A32B21B9}.Debug|x64.Build.0 = Debug|x64
		{025F9142-451D-43B8-B232-6107A32B21B9}.Debug|x86.ActiveCfg = Debug|Win32
		{025F9142-451D-43B8-B232-6107A32B21B9}.Debug|x86.Build.0 = Debug|Win32
		{025F9142-451D-43B8-B232-6107A32B21B9}.Release|x64.ActiveCfg = Release|x64
		{025F9142-451D-43B8-B232-6107A32B21B9}.Release|x64.Build.0 = Release|x64
		{025F9142-451D-43B8-B232-6107A32B21B9}.Release|x86.ActiveCfg = Release|Win32
		{025F9142-451D-43B8-B232-6107A32B21B9}.Release|x86.Build.0 = Release|Win32
	EndGlobalSection
	GlobalSection(SolutionProperties) = preSolution
		HideSolutionNode = FALSE
	EndGlobalSection
	GlobalSection(ExtensibilityGlobals) = postSolution
		SolutionGuid = {F573E6F7-0062-421F-9485-3743468F1E1C}
	EndGlobalSection
EndGlobal
